{
  "name": "marketwizard-v1",
  "lockfileVersion": 3,
  "requires": true,
  "packages": {
    "": {
      "dependencies": {
        "@nivo/core": "^0.99.0",
        "@nivo/geo": "^0.99.0",
        "dayjs": "^1.11.23",
        "es-toolkit": "^1.52.0"
      }
    },
    "node_modules/@nivo/colors": {
      "version": "0.99.0",
      "resolved": "https://registry.npmjs.org/@nivo/colors/-/colors-0.99.0.tgz",
      "integrity": "sha512-hyYt4lEFIfXOUmQ6k3HXm3KwhcgoJpocmoGzLUqzk7DzuhQYJo+4d5jIGGU0N/a70+9XbHIdpKNSblHAIASD3w==",
      "license": "MIT",
      "dependencies": {
        "@nivo/core": "0.99.0",
        "@nivo/theming": "0.99.0",
        "@types/d3-color": "^3.0.0",
        "@types/d3-scale": "^4.0.8",
        "@types/d3-scale-chromatic": "^3.0.0",
        "d3-color": "^3.1.0",
        "d3-scale": "^4.0.2",
        "d3-scale-chromatic": "^3.0.0",
        "lodash": "^4.17.21"
      },
      "peerDependencies": {
        "react": "^16.14 || ^17.0 || ^18.0 || ^19.0"
      }
    },
    "node_modules/@nivo/core": {
      "version": "0.99.0",
      "resolved": "https://registry.npmjs.org/@nivo/core/-/core-0.99.0.tgz",
      "integrity": "sha512-olCItqhPG3xHL5ei+vg52aB6o+6S+xR2idpkd9RormTTUniZb8U2rOdcQojOojPY5i9kVeQyLFBpV4YfM7OZ9g==",
      "license": "MIT",
      "dependencies": {
        "@nivo/theming": "0.99.0",
        "@nivo/tooltip": "0.99.0",
        "@react-spring/web": "9.4.5 || ^9.7.2 || ^10.0",
        "@types/d3-shape": "^3.1.6",
        "d3-color": "^3.1.0",
        "d3-format": "^1.4.4",
        "d3-interpolate": "^3.0.1",
        "d3-scale": "^4.0.2",
        "d3-scale-chromatic": "^3.0.0",
        "d3-shape": "^3.2.0",
        "d3-time-format": "^3.0.0",
        "lodash": "^4.17.21",
        "react-virtualized-auto-sizer": "^1.0.26",
        "use-debounce": "^10.0.4"
      },
      "funding": {
        "type": "opencollective",
        "url": "https://opencollective.com/nivo/donate"
      },
      "peerDependencies": {
        "react": "^16.14 || ^17.0 || ^18.0 || ^19.0"
      }
    },
    "node_modules/@nivo/geo": {
      "version": "0.99.0",
      "resolved": "https://registry.npmjs.org/@nivo/geo/-/geo-0.99.0.tgz",
      "integrity": "sha512-ZNMCoPkOHhFjKRiqQy1SE103HFIitWTZ1Hsu7ZqcUa+7STdDnqF9tnJZz9Yd9/JqMp/wgeJKge1SLBFJhgmpLg==",
      "license": "MIT",
      "dependencies": {
        "@nivo/colors": "0.99.0",
        "@nivo/core": "0.99.0",
        "@nivo/legends": "0.99.0",
        "@nivo/theming": "0.99.0",
        "@nivo/tooltip": "0.99.0",
        "d3-format": "^1.4.4",
        "d3-geo": "^1.11.3",
        "lodash": "^4.17.21"
      },
      "peerDependencies": {
        "react": "^16.14 || ^17.0 || ^18.0 || ^19.0"
      }
    },
    "node_modules/@nivo/legends": {
      "version": "0.99.0",
      "resolved": "https://registry.npmjs.org/@nivo/legends/-/legends-0.99.0.tgz",
      "integrity": "sha512-P16FjFqNceuTTZphINAh5p0RF0opu3cCKoWppe2aRD9IuVkvRm/wS5K1YwMCxDzKyKh5v0AuTlu9K6o3/hk8hA==",
      "license": "MIT",
      "dependencies": {
        "@nivo/colors": "0.99.0",
        "@nivo/core": "0.99.0",
        "@nivo/text": "0.99.0",
        "@nivo/theming": "0.99.0",
        "@types/d3-scale": "^4.0.8",
        "d3-scale": "^4.0.2"
      },
      "peerDependencies": {
        "react": "^16.14 || ^17.0 || ^18.0 || ^19.0"
      }
    },
    "node_modules/@nivo/text": {
      "version": "0.99.0",
      "resolved": "https://registry.npmjs.org/@nivo/text/-/text-0.99.0.tgz",
      "integrity": "sha512-ho3oZpAZApsJNjsIL5WJSAdg/wjzTBcwo1KiHBlRGUmD+yUWO8qp7V+mnYRhJchwygtRVALlPgZ/rlcW2Xr/MQ==",
      "license": "MIT",
      "dependencies": {
        "@nivo/core": "0.99.0",
        "@nivo/theming": "0.99.0",
        "@react-spring/web": "9.4.5 || ^9.7.2 || ^10.0"
      },
      "peerDependencies": {
        "react": "^16.14 || ^17.0 || ^18.0 || ^19.0"
      }
    },
    "node_modules/@nivo/theming": {
      "version": "0.99.0",
      "resolved": "https://registry.npmjs.org/@nivo/theming/-/theming-0.99.0.tgz",
      "integrity": "sha512-KvXlf0nqBzh/g2hAIV9bzscYvpq1uuO3TnFN3RDXGI72CrbbZFTGzprPju3sy/myVsauv+Bb+V4f5TZ0jkYKRg==",
      "license": "MIT",
      "dependencies": {
        "lodash": "^4.17.21"
      },
      "peerDependencies": {
        "react": "^16.14 || ^17.0 || ^18.0 || ^19.0"
      }
    },
    "node_modules/@nivo/tooltip": {
      "version": "0.99.0",
      "resolved": "https://registry.npmjs.org/@nivo/tooltip/-/tooltip-0.99.0.tgz",
      "integrity": "sha512-weoEGR3xAetV4k2P6k96cdamGzKQ5F2Pq+uyDaHr1P3HYArM879Pl+x+TkU0aWjP6wgUZPx/GOBiV1Hb1JxIqg==",
      "license": "MIT",
      "dependencies": {
        "@nivo/core": "0.99.0",
        "@nivo/theming": "0.99.0",
        "@react-spring/web": "9.4.5 || ^9.7.2 || ^10.0"
      },
      "peerDependencies": {
        "react": "^16.14 || ^17.0 || ^18.0 || ^19.0"
      }
    },
    "node_modules/@react-spring/animated": {
      "version": "10.1.2",
      "resolved": "https://registry.npmjs.org/@react-spring/animated/-/animated-10.1.2.tgz",
      "integrity": "sha512-yAsQ/bbp6+vko7WNCI1M00c6KLE9XKTGCrgRhQqS4JcK3oF5qBV4rHYrQEprvEvYXxt+1H5FsLS2eVValEPfFw==",
      "license": "MIT",
      "dependencies": {
        "@react-spring/shared": "~10.1.2",
        "@react-spring/types": "~10.1.2"
      },
      "peerDependencies": {
        "react": "^16.8.0 || ^17.0.0 || ^18.0.0 || ^19.0.0"
      }
    },
    "node_modules/@react-spring/core": {
      "version": "10.1.2",
      "resolved": "https://registry.npmjs.org/@react-spring/core/-/core-10.1.2.tgz",
      "integrity": "sha512-lPGOAg0V+PV3ucopOajD+YCxoe8twALqAeG4c/+sqVjBsyUNNdx8qfz/DcNSPKA8PV3+AyQELlCxlDfap9cmBQ==",
      "license": "MIT",
      "dependencies": {
        "@react-spring/animated": "~10.1.2",
        "@react-spring/shared": "~10.1.2",
        "@react-spring/types": "~10.1.2"
      },
      "funding": {
        "type": "opencollective",
        "url": "https://opencollective.com/react-spring/donate"
      },
      "peerDependencies": {
        "react": "^16.8.0 || ^17.0.0 || ^18.0.0 || ^19.0.0"
      }
    },
    "node_modules/@react-spring/rafz": {
      "version": "10.1.2",
      "resolved": "https://registry.npmjs.org/@react-spring/rafz/-/rafz-10.1.2.tgz",
      "integrity": "sha512-KC6vSFZyPnRJ2rXqipV9QqR4SaYbYXjvKfdYKWipNK2mWuV79gr20WmpVUOsTiEHGRY3WSOdWCHN+P9Pdaqb7Q==",
      "license": "MIT"
    },
    "node_modules/@react-spring/shared": {
      "version": "10.1.2",
      "resolved": "https://registry.npmjs.org/@react-spring/shared/-/shared-10.1.2.tgz",
      "integrity": "sha512-47/8bNQ/o0uEmxEnPBuERlC29VSqiTn5P9ln9tUMSVkYKYxBtouYE686F5kAGj+eHRPoNCw7drxWE9nv2d1LMw==",
      "license": "MIT",
      "dependencies": {
        "@react-spring/rafz": "~10.1.2",
        "@react-spring/types": "~10.1.2"
      },
      "peerDependencies": {
        "react": "^16.8.0 || ^17.0.0 || ^18.0.0 || ^19.0.0"
      }
    },
    "node_modules/@react-spring/types": {
      "version": "10.1.2",
      "resolved": "https://registry.npmjs.org/@react-spring/types/-/types-10.1.2.tgz",
      "integrity": "sha512-G4CWowmVPz+rDG1y9QRVq/prZNxiNwQaHC0kgT/MgY6jAGgdRgTV4VThpvJDwWvUitk3xZB4soP4d36fjeQ09g==",
      "license": "MIT"
    },
    "node_modules/@react-spring/web": {
      "version": "10.1.2",
      "resolved": "https://registry.npmjs.org/@react-spring/web/-/web-10.1.2.tgz",
      "integrity": "sha512-KxDB3zaDqy9qFsu7fdxjyraAxweHH4k5TW5WGT/OuMK6hKaxSDfhrQfRBzfFaSVvMBf+NghbJFanllV4ia6i7A==",
      "license": "MIT",
      "dependencies": {
        "@react-spring/animated": "~10.1.2",
        "@react-spring/core": "~10.1.2",
        "@react-spring/shared": "~10.1.2",
        "@react-spring/types": "~10.1.2",
        "csstype": "^3.2.3"
      },
      "peerDependencies": {
        "react": "^16.8.0 || ^17.0.0 || ^18.0.0 || ^19.0.0",
        "react-dom": "^16.8.0 || ^17.0.0 || ^18.0.0 || ^19.0.0"
      }
    },
    "node_modules/@types/d3-color": {
      "version": "3.1.3",
      "resolved": "https://registry.npmjs.org/@types/d3-color/-/d3-color-3.1.3.tgz",
      "integrity": "sha512-iO90scth9WAbmgv7ogoq57O9YpKmFBbmoEoCHDB2xMBY0+/KVrqAaCDyCE16dUspeOvIxFFRI+0sEtqDqy2b4A==",
      "license": "MIT"
    },
    "node_modules/@types/d3-path": {
      "version": "3.1.1",
      "resolved": "https://registry.npmjs.org/@types/d3-path/-/d3-path-3.1.1.tgz",
      "integrity": "sha512-VMZBYyQvbGmWyWVea0EHs/BwLgxc+MKi1zLDCONksozI4YJMcTt8ZEuIR4Sb1MMTE8MMW49v0IwI5+b7RmfWlg==",
      "license": "MIT"
    },
    "node_modules/@types/d3-scale": {
      "version": "4.0.9",
      "resolved": "https://registry.npmjs.org/@types/d3-scale/-/d3-scale-4.0.9.tgz",
      "integrity": "sha512-dLmtwB8zkAeO/juAMfnV+sItKjlsw2lKdZVVy6LRr0cBmegxSABiLEpGVmSJJ8O08i4+sGR6qQtb6WtuwJdvVw==",
      "license": "MIT",
      "dependencies": {
        "@types/d3-time": "*"
      }
    },
    "node_modules/@types/d3-scale-chromatic": {
      "version": "3.1.0",
      "resolved": "https://registry.npmjs.org/@types/d3-scale-chromatic/-/d3-scale-chromatic-3.1.0.tgz",
      "integrity": "sha512-iWMJgwkK7yTRmWqRB5plb1kadXyQ5Sj8V/zYlFGMUBbIPKQScw+Dku9cAAMgJG+z5GYDoMjWGLVOvjghDEFnKQ==",
      "license": "MIT"
    },
    "node_modules/@types/d3-shape": {
      "version": "3.2.0",
      "resolved": "https://registry.npmjs.org/@types/d3-shape/-/d3-shape-3.2.0.tgz",
      "integrity": "sha512-kVd74ta9eof3eJOvbNd1vGKS/XERRyQbT26Og63hIsvDO84cjD5gEOhsXf26w3FSoNlPVz84DOFcKv/oou+fMw==",
      "license": "MIT",
      "dependencies": {
        "@types/d3-path": "*"
      }
    },
    "node_modules/@types/d3-time": {
      "version": "3.0.4",
      "resolved": "https://registry.npmjs.org/@types/d3-time/-/d3-time-3.0.4.tgz",
      "integrity": "sha512-yuzZug1nkAAaBlBBikKZTgzCeA+k1uy4ZFwWANOfKw5z5LRhV0gNA7gNkKm7HoK+HRN0wX3EkxGk0fpbWhmB7g==",
      "license": "MIT"
    },
    "node_modules/csstype": {
      "version": "3.2.3",
      "resolved": "https://registry.npmjs.org/csstype/-/csstype-3.2.3.tgz",
      "integrity": "sha512-z1HGKcYy2xA8AGQfwrn0PAy+PB7X/GSj3UVJW9qKyn43xWa+gl5nXmU4qqLMRzWVLFC8KusUX8T/0kCiOYpAIQ==",
      "license": "MIT"
    },
    "node_modules/d3-array": {
      "version": "1.2.4",
      "resolved": "https://registry.npmjs.org/d3-array/-/d3-array-1.2.4.tgz",
      "integrity": "sha512-KHW6M86R+FUPYGb3R5XiYjXPq7VzwxZ22buHhAEVG5ztoEcZZMLov530mmccaqA1GghZArjQV46fuc8kUqhhHw==",
      "license": "BSD-3-Clause"
    },
    "node_modules/d3-color": {
      "version": "3.1.0",
      "resolved": "https://registry.npmjs.org/d3-color/-/d3-color-3.1.0.tgz",
      "integrity": "sha512-zg/chbXyeBtMQ1LbD/WSoW2DpC3I0mpmPdW+ynRTj/x2DAWYrIY7qeZIHidozwV24m4iavr15lNwIwLxRmOxhA==",
      "license": "ISC",
      "engines": {
        "node": ">=12"
      }
    },
    "node_modules/d3-format": {
      "version": "1.4.5",
      "resolved": "https://registry.npmjs.org/d3-format/-/d3-format-1.4.5.tgz",
      "integrity": "sha512-J0piedu6Z8iB6TbIGfZgDzfXxUFN3qQRMofy2oPdXzQibYGqPB/9iMcxr/TGalU+2RsyDO+U4f33id8tbnSRMQ==",
      "license": "BSD-3-Clause"
    },
    "node_modules/d3-geo": {
      "version": "1.12.1",
      "resolved": "https://registry.npmjs.org/d3-geo/-/d3-geo-1.12.1.tgz",
      "integrity": "sha512-XG4d1c/UJSEX9NfU02KwBL6BYPj8YKHxgBEw5om2ZnTRSbIcego6dhHwcxuSR3clxh0EpE38os1DVPOmnYtTPg==",
      "license": "BSD-3-Clause",
      "dependencies": {
        "d3-array": "1"
      }
    },
    "node_modules/d3-interpolate": {
      "version": "3.0.1",
      "resolved": "https://registry.npmjs.org/d3-interpolate/-/d3-interpolate-3.0.1.tgz",
      "integrity": "sha512-3bYs1rOD33uo8aqJfKP3JWPAibgw8Zm2+L9vBKEHJ2Rg+viTR7o5Mmv5mZcieN+FRYaAOWX5SJATX6k1PWz72g==",
      "license": "ISC",
      "dependencies": {
        "d3-color": "1 - 3"
      },
      "engines": {
        "node": ">=12"
      }
    },
    "node_modules/d3-path": {
      "version": "3.1.0",
      "resolved": "https://registry.npmjs.org/d3-path/-/d3-path-3.1.0.tgz",
      "integrity": "sha512-p3KP5HCf/bvjBSSKuXid6Zqijx7wIfNW+J/maPs+iwR35at5JCbLUT0LzF1cnjbCHWhqzQTIN2Jpe8pRebIEFQ==",
      "license": "ISC",
      "engines": {
        "node": ">=12"
      }
    },
    "node_modules/d3-scale": {
      "version": "4.0.2",
      "resolved": "https://registry.npmjs.org/d3-scale/-/d3-scale-4.0.2.tgz",
      "integrity": "sha512-GZW464g1SH7ag3Y7hXjf8RoUuAFIqklOAq3MRl4OaWabTFJY9PN/E1YklhXLh+OQ3fM9yS2nOkCoS+WLZ6kvxQ==",
      "license": "ISC",
      "dependencies": {
        "d3-array": "2.10.0 - 3",
        "d3-format": "1 - 3",
        "d3-interpolate": "1.2.0 - 3",
        "d3-time": "2.1.1 - 3",
        "d3-time-format": "2 - 4"
      },
      "engines": {
        "node": ">=12"
      }
    },
    "node_modules/d3-scale-chromatic": {
      "version": "3.1.0",
      "resolved": "https://registry.npmjs.org/d3-scale-chromatic/-/d3-scale-chromatic-3.1.0.tgz",
      "integrity": "sha512-A3s5PWiZ9YCXFye1o246KoscMWqf8BsD9eRiJ3He7C9OBaxKhAd5TFCdEx/7VbKtxxTsu//1mMJFrEt572cEyQ==",
      "license": "ISC",
      "dependencies": {
        "d3-color": "1 - 3",
        "d3-interpolate": "1 - 3"
      },
      "engines": {
        "node": ">=12"
      }
    },
    "node_modules/d3-scale/node_modules/d3-array": {
      "version": "3.2.4",
      "resolved": "https://registry.npmjs.org/d3-array/-/d3-array-3.2.4.tgz",
      "integrity": "sha512-tdQAmyA18i4J7wprpYq8ClcxZy3SC31QMeByyCFyRt7BVHdREQZ5lpzoe5mFEYZUWe+oq8HBvk9JjpibyEV4Jg==",
      "license": "ISC",
      "dependencies": {
        "internmap": "1 - 2"
      },
      "engines": {
        "node": ">=12"
      }
    },
    "node_modules/d3-shape": {
      "version": "3.2.0",
      "resolved": "https://registry.npmjs.org/d3-shape/-/d3-shape-3.2.0.tgz",
      "integrity": "sha512-SaLBuwGm3MOViRq2ABk3eLoxwZELpH6zhl3FbAoJ7Vm1gofKx6El1Ib5z23NUEhF9AsGl7y+dzLe5Cw2AArGTA==",
      "license": "ISC",
      "dependencies": {
        "d3-path": "^3.1.0"
      },
      "engines": {
        "node": ">=12"
      }
    },
    "node_modules/d3-time": {
      "version": "3.1.0",
      "resolved": "https://registry.npmjs.org/d3-time/-/d3-time-3.1.0.tgz",
      "integrity": "sha512-VqKjzBLejbSMT4IgbmVgDjpkYrNWUYJnbCGo874u7MMKIWsILRX+OpX/gTk8MqjpT1A/c6HY2dCA77ZN0lkQ2Q==",
      "license": "ISC",
      "dependencies": {
        "d3-array": "2 - 3"
      },
      "engines": {
        "node": ">=12"
      }
    },
    "node_modules/d3-time-format": {
      "version": "3.0.0",
      "resolved": "https://registry.npmjs.org/d3-time-format/-/d3-time-format-3.0.0.tgz",
      "integrity": "sha512-UXJh6EKsHBTjopVqZBhFysQcoXSv/5yLONZvkQ5Kk3qbwiUYkdX17Xa1PT6U1ZWXGGfB1ey5L8dKMlFq2DO0Ag==",
      "license": "BSD-3-Clause",
      "dependencies": {
        "d3-time": "1 - 2"
      }
    },
    "node_modules/d3-time-format/node_modules/d3-array": {
      "version": "2.12.1",
      "resolved": "https://registry.npmjs.org/d3-array/-/d3-array-2.12.1.tgz",
      "integrity": "sha512-B0ErZK/66mHtEsR1TkPEEkwdy+WDesimkM5gpZr5Dsg54BiTA5RXtYW5qTLIAcekaS9xfZrzBLF/OAkB3Qn1YQ==",
      "license": "BSD-3-Clause",
      "dependencies": {
        "internmap": "^1.0.0"
      }
    },
    "node_modules/d3-time-format/node_modules/d3-time": {
      "version": "2.1.1",
      "resolved": "https://registry.npmjs.org/d3-time/-/d3-time-2.1.1.tgz",
      "integrity": "sha512-/eIQe/eR4kCQwq7yxi7z4c6qEXf2IYGcjoWB5OOQy4Tq9Uv39/947qlDcN2TLkiTzQWzvnsuYPB9TrWaNfipKQ==",
      "license": "BSD-3-Clause",
      "dependencies": {
        "d3-array": "2"
      }
    },
    "node_modules/d3-time-format/node_modules/internmap": {
      "version": "1.0.1",
      "resolved": "https://registry.npmjs.org/internmap/-/internmap-1.0.1.tgz",
      "integrity": "sha512-lDB5YccMydFBtasVtxnZ3MRBHuaoE8GKsppq+EchKL2U4nK/DmEpPHNH8MZe5HkMtpSiTSOZwfN0tzYjO/lJEw==",
      "license": "ISC"
    },
    "node_modules/d3-time/node_modules/d3-array": {
      "version": "3.2.4",
      "resolved": "https://registry.npmjs.org/d3-array/-/d3-array-3.2.4.tgz",
      "integrity": "sha512-tdQAmyA18i4J7wprpYq8ClcxZy3SC31QMeByyCFyRt7BVHdREQZ5lpzoe5mFEYZUWe+oq8HBvk9JjpibyEV4Jg==",
      "license": "ISC",
      "dependencies": {
        "internmap": "1 - 2"
      },
      "engines": {
        "node": ">=12"
      }
    },
    "node_modules/dayjs": {
      "version": "1.11.23",
      "resolved": "https://registry.npmjs.org/dayjs/-/dayjs-1.11.23.tgz",
      "integrity": "sha512-QDTCU0M0MxR3hQfnlDJfwekQiaanm1ubOD231u73WBckQ/fsamwRLiE2GBz6D3a/xF1NgfiDLJjXBa1hYOYTtQ==",
      "license": "MIT"
    },
    "node_modules/es-toolkit": {
      "version": "1.52.0",
      "resolved": "https://registry.npmjs.org/es-toolkit/-/es-toolkit-1.52.0.tgz",
      "integrity": "sha512-XTNEJQh1tY1ZJVcf6ayP/2n4ZPyaHlW2FWs7xvw5ddPuhUVjLD3olQVQS7kf58JbAB48iL0uL/jerTrjtV3lDA==",
      "license": "MIT",
      "workspaces": [
        "docs",
        "benchmarks",
        "tests/types",
        "tests/browser-compat"
      ]
    },
    "node_modules/internmap": {
      "version": "2.0.3",
      "resolved": "https://registry.npmjs.org/internmap/-/internmap-2.0.3.tgz",
      "integrity": "sha512-5Hh7Y1wQbvY5ooGgPbDaL5iYLAPzMTUrjMulskHLH6wnv/A+1q5rgEaiuqEjB+oxGXIVZs1FF+R/KPN3ZSQYYg==",
      "license": "ISC",
      "engines": {
        "node": ">=12"
      }
    },
    "node_modules/lodash": {
      "version": "4.18.1",
      "resolved": "https://registry.npmjs.org/lodash/-/lodash-4.18.1.tgz",
      "integrity": "sha512-dMInicTPVE8d1e5otfwmmjlxkZoUpiVLwyeTdUsi/Caj/gfzzblBcCE5sRHV/AsjuCmxWrte2TNGSYuCeCq+0Q==",
      "license": "MIT"
    },
    "node_modules/react": {
      "version": "19.3.0",
      "resolved": "https://registry.npmjs.org/react/-/react-19.3.0.tgz",
      "integrity": "sha512-E8LUcbtBWt20bbl2YoHfx4ZDBdxVTfOKtCZn9cDSJ4l6/nuoApcpIBcj47t2wZoVX8g2ZHuMHbiShgCR1T5Sog==",
      "license": "MIT",
      "peer": true,
      "engines": {
        "node": ">=0.10.0"
      }
    },
    "node_modules/react-dom": {
      "version": "19.3.0",
      "resolved": "https://registry.npmjs.org/react-dom/-/react-dom-19.3.0.tgz",
      "integrity": "sha512-JDk8dgif51OjFoDE70+OT9ICyYr+69HlmihNwp1+Nsfbna3t5sIiCa9ZJktDmQ4/1b/rn26hIAR2uYXDMr5r0Q==",
      "license": "MIT",
      "peer": true,
      "dependencies": {
        "scheduler": "^0.28.0"
      },
      "peerDependencies": {
        "react": "^19.3.0"
      }
    },
    "node_modules/react-virtualized-auto-sizer": {
      "version": "1.0.26",
      "resolved": "https://registry.npmjs.org/react-virtualized-auto-sizer/-/react-virtualized-auto-sizer-1.0.26.tgz",
      "integrity": "sha512-CblNyiNVw2o+hsa5/49NH2ogGxZ+t+3aweRvNSq7TVjDIlwk7ir4lencEg5HxHeSzwNarSkNkiu0qJSOXtxm5A==",
      "license": "MIT",
      "peerDependencies": {
        "react": "^15.3.0 || ^16.0.0-alpha || ^17.0.0 || ^18.0.0 || ^19.0.0",
        "react-dom": "^15.3.0 || ^16.0.0-alpha || ^17.0.0 || ^18.0.0 || ^19.0.0"
      }
    },
    "node_modules/scheduler": {
      "version": "0.28.0",
      "resolved": "https://registry.npmjs.org/scheduler/-/scheduler-0.28.0.tgz",
      "integrity": "sha512-juorfCmIkIw8tT+p5BXSm6PJjQF/ycEYmKyzURCIt/RaZIhL+PulbQ9Yu2z1HdOJDdqDTlxA1+xKBmHXJsczAw==",
      "license": "MIT",
      "peer": true
    },
    "node_modules/use-debounce": {
      "version": "10.1.1",
      "resolved": "https://registry.npmjs.org/use-debounce/-/use-debounce-10.1.1.tgz",
      "integrity": "sha512-kvds8BHR2k28cFsxW8k3nc/tRga2rs1RHYCqmmGqb90MEeE++oALwzh2COiuBLO1/QXiOuShXoSN2ZpWnMmvuQ==",
      "license": "MIT",
      "engines": {
        "node": ">= 16.0.0"
      },
      "peerDependencies": {
        "react": "*"
      }
    }
  }
}
